
Microsoft Visual Studio Solution File, Format Version 12.00
# Visual Studio Version 17
VisualStudioVersion = 17.1.31911.260
MinimumVisualStudioVersion = 10.0.40219.1
Project("{9A19103F-16F7-4668-BE54-9A1E7A4F7556}") = "solver_day01_1", "solver_day01_1\solver_day01_1.csproj", "{E3755576-D50F-4FB7-887D-070A4417D278}"
EndProject
Project("{2150E333-8FDC-42A3-9474-1A3956D46DE8}") = "Solution Items", "Solution Items", "{703FF2C4-AFC3-4F7A-B745-175431A7BFF3}"
	ProjectSection(SolutionItems) = preProject
		README.md = README.md
	EndProjectSection
EndProject
Project("{9A19103F-16F7-4668-BE54-9A1E7A4F7556}") = "solver_day02", "solver_day02\solver_day02.csproj", "{F09FE40F-B5C0-4D33-A36D-4883E97B4D5D}"
EndProject
Project("{9A19103F-16F7-4668-BE54-9A1E7A4F7556}") = "solver_day03", "solver_day03\solver_day03.csproj", "{D538DD20-B12B-469E-8145-6788F280013F}"
EndProject
Project("{9A19103F-16F7-4668-BE54-9A1E7A4F7556}") = "solver_day04", "solver_day04\solver_day04.csproj", "{C22CBFE2-E2AD-47B2-AEF2-C1E771130BA0}"
EndProject
Project("{9A19103F-16F7-4668-BE54-9A1E7A4F7556}") = "solver_day05", "solver_day05 - Hydrothermal venture\solver_day05.csproj", "{7256FFBF-FF8E-495B-9B3E-83B40396CE8A}"
EndProject
Global
	GlobalSection(SolutionConfigurationPlatforms) = preSolution
		Debug|Any CPU = Debug|Any CPU
		Release|Any CPU = Release|Any CPU
	EndGlobalSection
	GlobalSection(ProjectConfigurationPlatforms) = postSolution
		{E3755576-D50F-4FB7-887D-070A4417D278}.Debug|Any CPU.ActiveCfg = Release|Any CPU
		{E3755576-D50F-4FB7-887D-070A4417D278}.Debug|Any CPU.Build.0 = Release|Any CPU
		{E3755576-D50F-4FB7-887D-070A4417D278}.Release|Any CPU.ActiveCfg = Release|Any CPU
		{E3755576-D50F-4FB7-887D-070A4417D278}.Release|Any CPU.Build.0 = Release|Any CPU
		{F09FE40F-B5C0-4D33-A36D-4883E97B4D5D}.Debug|Any CPU.ActiveCfg = Debug|Any CPU
		{F09FE40F-B5C0-4D33-A36D-4883E97B4D5D}.Debug|Any CPU.Build.0 = Debug|Any CPU
		{F09FE40F-B5C0-4D33-A36D-4883E97B4D5D}.Release|Any CPU.ActiveCfg = Release|Any CPU
		{F09FE40F-B5C0-4D33-A36D-4883E97B4D5D}.Release|Any CPU.Build.0 = Release|Any CPU
		{D538DD20-B12B-469E-8145-6788F280013F}.Debug|Any CPU.ActiveCfg = Debug|Any CPU
		{D538DD20-B12B-469E-8145-6788F280013F}.Debug|Any CPU.Build.0 = Debug|Any CPU
		{D538DD20-B12B-469E-8145-6788F280013F}.Release|Any CPU.ActiveCfg = Release|Any CPU
		{D538DD20-B12B-469E-8145-6788F280013F}.Release|Any CPU.Build.0 = Release|Any CPU
		{C22CBFE2-E2AD-47B2-AEF2-C1E771130BA0}.Debug|Any CPU.ActiveCfg = Debug|Any CPU
		{C22CBFE2-E2AD-47B2-AEF2-C1E771130BA0}.Debug|Any CPU.Build.0 = Debug|Any CPU
		{C22CBFE2-E2AD-47B2-AEF2-C1E771130BA0}.Release|Any CPU.ActiveCfg = Release|Any CPU
		{C22CBFE2-E2AD-47B2-AEF2-C1E771130BA0}.Release|Any CPU.Build.0 = Release|Any CPU
		{7256FFBF-FF8E-495B-9B3E-83B40396CE8A}.Debug|Any CPU.ActiveCfg = Debug|Any CPU
		{7256FFBF-FF8E-495B-9B3E-83B40396CE8A}.Debug|Any CPU.Build.0 = Debug|Any CPU
		{7256FFBF-FF8E-495B-9B3E-83B40396CE8A}.Release|Any CPU.ActiveCfg = Release|Any CPU
		{7256FFBF-FF8E-495B-9B3E-83B40396CE8A}.Release|Any CPU.Build.0 = Release|Any CPU
	EndGlobalSection
	GlobalSection(SolutionProperties) = preSolution
		HideSolutionNode = FALSE
	EndGlobalSection
	GlobalSection(ExtensibilityGlobals) = postSolution
		SolutionGuid = {84937362-6082-44C7-9D64-E09A94DB9BFE}
	EndGlobalSection
EndGlobal
